// !$*UTF8*$!
{
	archiveVersion = 1;
	classes = {
	};
	objectVersion = 46;
	objects = {

/* Begin PBXBuildFile section */
		E5BBAED41B83DD6D0085263F /* main.m in Sources */ = {isa = PBXBuildFile; fileRef = E5BBAED31B83DD6D0085263F /* main.m */; };
		E5BBAED71B83DD6D0085263F /* AppDelegate.m in Sources */ = {isa = PBXBuildFile; fileRef = E5BBAED61B83DD6D0085263F /* AppDelegate.m */; };
		E5BBAEDA1B83DD6D0085263F /* RootViewController.m in Sources */ = {isa = PBXBuildFile; fileRef = E5BBAED91B83DD6D0085263F /* RootViewController.m */; };
		E5BBAEDD1B83DD6D0085263F /* DataViewController.m in Sources */ = {isa = PBXBuildFile; fileRef = E5BBAEDC1B83DD6D0085263F /* DataViewController.m */; };
		E5BBAEE01B83DD6D0085263F /* ModelController.m in Sources */ = {isa = PBXBuildFile; fileRef = E5BBAEDF1B83DD6D0085263F /* ModelController.m */; };
		E5BBAEE31B83DD6D0085263F /* Main.storyboard in Resources */ = {isa = PBXBuildFile; fileRef = E5BBAEE11B83DD6D0085263F /* Main.storyboard */; };
		E5BBAEE51B83DD6D0085263F /* Images.xcassets in Resources */ = {isa = PBXBuildFile; fileRef = E5BBAEE41B83DD6D0085263F /* Images.xcassets */; };
		E5BBAEE81B83DD6D0085263F /* LaunchScreen.xib in Resources */ = {isa = PBXBuildFile; fileRef = E5BBAEE61B83DD6D0085263F /* LaunchScreen.xib */; };
		E5BBAEF41B83DD6E0085263F /* RGPagesTests.m in Sources */ = {isa = PBXBuildFile; fileRef = E5BBAEF31B83DD6E0085263F /* RGPagesTests.m */; };
/* End PBXBuildFile section */

/* Begin PBXContainerItemProxy section */
		E5BBAEEE1B83DD6E0085263F /* PBXContainerItemProxy */ = {
			isa = PBXContainerItemProxy;
			containerPortal = E5BBAEC61B83DD6D0085263F /* Project object */;
			proxyType = 1;
			remoteGlobalIDString = E5BBAECD1B83DD6D0085263F;
			remoteInfo = RGPages;
		};
/* End PBXContainerItemProxy section */

/* Begin PBXFileReference section */
		E5BBAECE1B83DD6D0085263F /* RGPages.app */ = {isa = PBXFileReference; explicitFileType = wrapper.application; includeInIndex = 0; path = RGPages.app; sourceTree = BUILT_PRODUCTS_DIR; };
		E5BBAED21B83DD6D0085263F /* Info.plist */ = {isa = PBXFileReference; lastKnownFileType = text.plist.xml; path = Info.plist; sourceTree = "<group>"; };
		E5BBAED31B83DD6D0085263F /* main.m */ = {isa = PBXFileReference; lastKnownFileType = sourcecode.c.objc; path = main.m; sourceTree = "<group>"; };
		E5BBAED51B83DD6D0085263F /* AppDelegate.h */ = {isa = PBXFileReference; lastKnownFileType = sourcecode.c.h; path = AppDelegate.h; sourceTree = "<group>"; };
		E5BBAED61B83DD6D0085263F /* AppDelegate.m */ = {isa = PBXFileReference; lastKnownFileType = sourcecode.c.objc; path = AppDelegate.m; sourceTree = "<group>"; };
		E5BBAED81B83DD6D0085263F /* RootViewController.h */ = {isa = PBXFileReference; lastKnownFileType = sourcecode.c.h; path = RootViewController.h; sourceTree = "<group>"; };
		E5BBAED91B83DD6D0085263F /* RootViewController.m */ = {isa = PBXFileReference; lastKnownFileType = sourcecode.c.objc; path = RootViewController.m; sourceTree = "<group>"; };
		E5BBAEDB1B83DD6D0085263F /* DataViewController.h */ = {isa = PBXFileReference; lastKnownFileType = sourcecode.c.h; path = DataViewController.h; sourceTree = "<group>"; };
		E5BBAEDC1B83DD6D0085263F /* DataViewController.m */ = {isa = PBXFileReference; lastKnownFileType = sourcecode.c.objc; path = DataViewController.m; sourceTree = "<group>"; };
		E5BBAEDE1B83DD6D0085263F /* ModelController.h */ = {isa = PBXFileReference; lastKnownFileType = sourcecode.c.h; path = ModelController.h; sourceTree = "<group>"; };
		E5BBAEDF1B83DD6D0085263F /* ModelController.m */ = {isa = PBXFileReference; lastKnownFileType = sourcecode.c.objc; path = ModelController.m; sourceTree = "<group>"; };
		E5BBAEE21B83DD6D0085263F /* Base */ = {isa = PBXFileReference; lastKnownFileType = file.storyboard; name = Base; path = Base.lproj/Main.storyboard; sourceTree = "<group>"; };
		E5BBAEE41B83DD6D0085263F /* Images.xcassets */ = {isa = PBXFileReference; lastKnownFileType = folder.assetcatalog; path = Images.xcassets; sourceTree = "<group>"; };
		E5BBAEE71B83DD6D0085263F /* Base */ = {isa = PBXFileReference; lastKnownFileType = file.xib; name = Base; path = Base.lproj/LaunchScreen.xib; sourceTree = "<group>"; };
		E5BBAEED1B83DD6E0085263F /* RGPagesTests.xctest */ = {isa = PBXFileReference; explicitFileType = wrapper.cfbundle; includeInIndex = 0; path = RGPagesTests.xctest; sourceTree = BUILT_PRODUCTS_DIR; };
		E5BBAEF21B83DD6E0085263F /* Info.plist */ = {isa = PBXFileReference; lastKnownFileType = text.plist.xml; path = Info.plist; sourceTree = "<group>"; };
		E5BBAEF31B83DD6E0085263F /* RGPagesTests.m */ = {isa = PBXFileReference; lastKnownFileType = sourcecode.c.objc; path = RGPagesTests.m; sourceTree = "<group>"; };
/* End PBXFileReference section */

/* Begin PBXFrameworksBuildPhase section */
		E5BBAECB1B83DD6D0085263F /* Frameworks */ = {
			isa = PBXFrameworksBuildPhase;
			buildActionMask = 2147483647;
			files = (
			);
			runOnlyForDeploymentPostprocessing = 0;
		};
		E5BBAEEA1B83DD6E0085263F /* Frameworks */ = {
			isa = PBXFrameworksBuildPhase;
			buildActionMask = 2147483647;
			files = (
			);
			runOnlyForDeploymentPostprocessing = 0;
		};
/* End PBXFrameworksBuildPhase section */

/* Begin PBXGroup section */
		E5BBAEC51B83DD6D0085263F = {
			isa = PBXGroup;
			children = (
				E5BBAED01B83DD6D0085263F /* RGPages */,
				E5BBAEF01B83DD6E0085263F /* RGPagesTests */,
				E5BBAECF1B83DD6D0085263F /* Products */,
			);
			sourceTree = "<group>";
		};
		E5BBAECF1B83DD6D0085263F /* Products */ = {
			isa = PBXGroup;
			children = (
				E5BBAECE1B83DD6D0085263F /* RGPages.app */,
				E5BBAEED1B83DD6E0085263F /* RGPagesTests.xctest */,
			);
			name = Products;
			sourceTree = "<group>";
		};
		E5BBAED01B83DD6D0085263F /* RGPages */ = {
			isa = PBXGroup;
			children = (
				E5BBAED51B83DD6D0085263F /* AppDelegate.h */,
				E5BBAED61B83DD6D0085263F /* AppDelegate.m */,
				E5BBAED81B83DD6D0085263F /* RootViewController.h */,
				E5BBAED91B83DD6D0085263F /* RootViewController.m */,
				E5BBAEDB1B83DD6D0085263F /* DataViewController.h */,
				E5BBAEDC1B83DD6D0085263F /* DataViewController.m */,
				E5BBAEDE1B83DD6D0085263F /* ModelController.h */,
				E5BBAEDF1B83DD6D0085263F /* ModelController.m */,
				E5BBAEE11B83DD6D0085263F /* Main.storyboard */,
				E5BBAEE41B83DD6D0085263F /* Images.xcassets */,
				E5BBAEE61B83DD6D0085263F /* LaunchScreen.xib */,
				E5BBAED11B83DD6D0085263F /* Supporting Files */,
			);
			path = RGPages;
			sourceTree = "<group>";
		};
		E5BBAED11B83DD6D0085263F /* Supporting Files */ = {
			isa = PBXGroup;
			children = (
				E5BBAED21B83DD6D0085263F /* Info.plist */,
				E5BBAED31B83DD6D0085263F /* main.m */,
			);
			name = "Supporting Files";
			sourceTree = "<group>";
		};
		E5BBAEF01B83DD6E0085263F /* RGPagesTests */ = {
			isa = PBXGroup;
			children = (
				E5BBAEF31B83DD6E0085263F /* RGPagesTests.m */,
				E5BBAEF11B83DD6E0085263F /* Supporting Files */,
			);
			path = RGPagesTests;
			sourceTree = "<group>";
		};
		E5BBAEF11B83DD6E0085263F /* Supporting Files */ = {
			isa = PBXGroup;
			children = (
				E5BBAEF21B83DD6E0085263F /* Info.plist */,
			);
			name = "Supporting Files";
			sourceTree = "<group>";
		};
/* End PBXGroup section */

/* Begin PBXNativeTarget section */
		E5BBAECD1B83DD6D0085263F /* RGPages */ = {
			isa = PBXNativeTarget;
			buildConfigurationList = E5BBAEF71B83DD6E0085263F /* Build configuration list for PBXNativeTarget "RGPages" */;
			buildPhases = (
				E5BBAECA1B83DD6D0085263F /* Sources */,
				E5BBAECB1B83DD6D0085263F /* Frameworks */,
				E5BBAECC1B83DD6D0085263F /* Resources */,
			);
			buildRules = (
			);
			dependencies = (
			);
			name = RGPages;
			productName = RGPages;
			productReference = E5BBAECE1B83DD6D0085263F /* RGPages.app */;
			productType = "com.apple.product-type.application";
		};
		E5BBAEEC1B83DD6E0085263F /* RGPagesTests */ = {
			isa = PBXNativeTarget;
			buildConfigurationList = E5BBAEFA1B83DD6E0085263F /* Build configuration list for PBXNativeTarget "RGPagesTests" */;
			buildPhases = (
				E5BBAEE91B83DD6E0085263F /* Sources */,
				E5BBAEEA1B83DD6E0085263F /* Frameworks */,
				E5BBAEEB1B83DD6E0085263F /* Resources */,
			);
			buildRules = (
			);
			dependencies = (
				E5BBAEEF1B83DD6E0085263F /* PBXTargetDependency */,
			);
			name = RGPagesTests;
			productName = RGPagesTests;
			productReference = E5BBAEED1B83DD6E0085263F /* RGPagesTests.xctest */;
			productType = "com.apple.product-type.bundle.unit-test";
		};
/* End PBXNativeTarget section */

/* Begin PBXProject section */
		E5BBAEC61B83DD6D0085263F /* Project object */ = {
			isa = PBXProject;
			attributes = {
				LastUpgradeCheck = 0640;
				ORGANIZATIONNAME = "Mount Sinai Health System";
				TargetAttributes = {
					E5BBAECD1B83DD6D0085263F = {
						CreatedOnToolsVersion = 6.4;
					};
					E5BBAEEC1B83DD6E0085263F = {
						CreatedOnToolsVersion = 6.4;
						TestTargetID = E5BBAECD1B83DD6D0085263F;
					};
				};
			};
			buildConfigurationList = E5BBAEC91B83DD6D0085263F /* Build configuration list for PBXProject "RGPages" */;
			compatibilityVersion = "Xcode 3.2";
			developmentRegion = English;
			hasScannedForEncodings = 0;
			knownRegions = (
				en,
				Base,
			);
			mainGroup = E5BBAEC51B83DD6D0085263F;
			productRefGroup = E5BBAECF1B83DD6D0085263F /* Products */;
			projectDirPath = "";
			projectRoot = "";
			targets = (
				E5BBAECD1B83DD6D0085263F /* RGPages */,
				E5BBAEEC1B83DD6E0085263F /* RGPagesTests */,
			);
		};
/* End PBXProject section */

/* Begin PBXResourcesBuildPhase section */
		E5BBAECC1B83DD6D0085263F /* Resources */ = {
			isa = PBXResourcesBuildPhase;
			buildActionMask = 2147483647;
			files = (
				E5BBAEE31B83DD6D0085263F /* Main.storyboard in Resources */,
				E5BBAEE81B83DD6D0085263F /* LaunchScreen.xib in Resources */,
				E5BBAEE51B83DD6D0085263F /* Images.xcassets in Resources */,
			);
			runOnlyForDeploymentPostprocessing = 0;
		};
		E5BBAEEB1B83DD6E0085263F /* Resources */ = {
			isa = PBXResourcesBuildPhase;
			buildActionMask = 2147483647;
			files = (
			);
			runOnlyForDeploymentPostprocessing = 0;
		};
/* End PBXResourcesBuildPhase section */

/* Begin PBXSourcesBuildPhase section */
		E5BBAECA1B83DD6D0085263F /* Sources */ = {
			isa = PBXSourcesBuildPhase;
			buildActionMask = 2147483647;
			files = (
				E5BBAEDD1B83DD6D0085263F /* DataViewController.m in Sources */,
				E5BBAED71B83DD6D0085263F /* AppDelegate.m in Sources */,
				E5BBAEE01B83DD6D0085263F /* ModelController.m in Sources */,
				E5BBAED41B83DD6D0085263F /* main.m in Sources */,
				E5BBAEDA1B83DD6D0085263F /* RootViewController.m in Sources */,
			);
			runOnlyForDeploymentPostprocessing = 0;
		};
		E5BBAEE91B83DD6E0085263F /* Sources */ = {
			isa = PBXSourcesBuildPhase;
			buildActionMask = 2147483647;
			files = (
				E5BBAEF41B83DD6E0085263F /* RGPagesTests.m in Sources */,
			);
			runOnlyForDeploymentPostprocessing = 0;
		};
/* End PBXSourcesBuildPhase section */

/* Begin PBXTargetDependency section */
		E5BBAEEF1B83DD6E0085263F /* PBXTargetDependency */ = {
			isa = PBXTargetDependency;
			target = E5BBAECD1B83DD6D0085263F /* RGPages */;
			targetProxy = E5BBAEEE1B83DD6E0085263F /* PBXContainerItemProxy */;
		};
/* End PBXTargetDependency section */

/* Begin PBXVariantGroup section */
		E5BBAEE11B83DD6D0085263F /* Main.storyboard */ = {
			isa = PBXVariantGroup;
			children = (
				E5BBAEE21B83DD6D0085263F /* Base */,
			);
			name = Main.storyboard;
			sourceTree = "<group>";
		};
		E5BBAEE61B83DD6D0085263F /* LaunchScreen.xib */ = {
			isa = PBXVariantGroup;
			children = (
				E5BBAEE71B83DD6D0085263F /* Base */,
			);
			name = LaunchScreen.xib;
			sourceTree = "<group>";
		};
/* End PBXVariantGroup section */

/* Begin XCBuildConfiguration section */
		E5BBAEF51B83DD6E0085263F /* Debug */ = {
			isa = XCBuildConfiguration;
			buildSettings = {
				ALWAYS_SEARCH_USER_PATHS = NO;
				CLANG_CXX_LANGUAGE_STANDARD = "gnu++0x";
				CLANG_CXX_LIBRARY = "libc++";
				CLANG_ENABLE_MODULES = YES;
				CLANG_ENABLE_OBJC_ARC = YES;
				CLANG_WARN_BOOL_CONVERSION = YES;
				CLANG_WARN_CONSTANT_CONVERSION = YES;
				CLANG_WARN_DIRECT_OBJC_ISA_USAGE = YES_ERROR;
				CLANG_WARN_EMPTY_BODY = YES;
				CLANG_WARN_ENUM_CONVERSION = YES;
				CLANG_WARN_INT_CONVERSION = YES;
				CLANG_WARN_OBJC_ROOT_CLASS = YES_ERROR;
				CLANG_WARN_UNREACHABLE_CODE = YES;
				CLANG_WARN__DUPLICATE_METHOD_MATCH = YES;
				"CODE_SIGN_IDENTITY[sdk=iphoneos*]" = "iPhone Developer";
				COPY_PHASE_STRIP = NO;
				DEBUG_INFORMATION_FORMAT = "dwarf-with-dsym";
				ENABLE_STRICT_OBJC_MSGSEND = YES;
				GCC_C_LANGUAGE_STANDARD = gnu99;
				GCC_DYNAMIC_NO_PIC = NO;
				GCC_NO_COMMON_BLOCKS = YES;
				GCC_OPTIMIZATION_LEVEL = 0;
				GCC_PREPROCESSOR_DEFINITIONS = (
					"DEBUG=1",
					"$(inherited)",
				);
				GCC_SYMBOLS_PRIVATE_EXTERN = NO;
				GCC_WARN_64_TO_32_BIT_CONVERSION = YES;
				GCC_WARN_ABOUT_RETURN_TYPE = YES_ERROR;
				GCC_WARN_UNDECLARED_SELECTOR = YES;
				GCC_WARN_UNINITIALIZED_AUTOS = YES_AGGRESSIVE;
				GCC_WARN_UNUSED_FUNCTION = YES;
				GCC_WARN_UNUSED_VARIABLE = YES;
				IPHONEOS_DEPLOYMENT_TARGET = 8.4;
				MTL_ENABLE_DEBUG_INFO = YES;
				ONLY_ACTIVE_ARCH = YES;
				SDKROOT = iphoneos;
				TARGETED_DEVICE_FAMILY = "1,2";
			};
			name = Debug;
		};
		E5BBAEF61B83DD6E0085263F /* Release */ = {
			isa = XCBuildConfiguration;
			buildSettings = {
				ALWAYS_SEARCH_USER_PATHS = NO;
				CLANG_CXX_LANGUAGE_STANDARD = "gnu++0x";
				CLANG_CXX_LIBRARY = "libc++";
				CLANG_ENABLE_MODULES = YES;
				CLANG_ENABLE_OBJC_ARC = YES;
				CLANG_WARN_BOOL_CONVERSION = YES;
				CLANG_WARN_CONSTANT_CONVERSION = YES;
				CLANG_WARN_DIRECT_OBJC_ISA_USAGE = YES_ERROR;
				CLANG_WARN_EMPTY_BODY = YES;
				CLANG_WARN_ENUM_CONVERSION = YES;
				CLANG_WARN_INT_CONVERSION = YES;
				CLANG_WARN_OBJC_ROOT_CLASS = YES_ERROR;
				CLANG_WARN_UNREACHABLE_CODE = YES;
				CLANG_WARN__DUPLICATE_METHOD_MATCH = YES;
				"CODE_SIGN_IDENTITY[sdk=iphoneos*]" = "iPhone Developer";
				COPY_PHASE_STRIP = NO;
				DEBUG_INFORMATION_FORMAT = "dwarf-with-dsym";
				ENABLE_NS_ASSERTIONS = NO;
				ENABLE_STRICT_OBJC_MSGSEND = YES;
				GCC_C_LANGUAGE_STANDARD = gnu99;
				GCC_NO_COMMON_BLOCKS = YES;
				GCC_WARN_64_TO_32_BIT_CONVERSION = YES;
				GCC_WARN_ABOUT_RETURN_TYPE = YES_ERROR;
				GCC_WARN_UNDECLARED_SELECTOR = YES;
				GCC_WARN_UNINITIALIZED_AUTOS = YES_AGGRESSIVE;
				GCC_WARN_UNUSED_FUNCTION = YES;
				GCC_WARN_UNUSED_VARIABLE = YES;
				IPHONEOS_DEPLOYMENT_TARGET = 8.4;
				MTL_ENABLE_DEBUG_INFO = NO;
				SDKROOT = iphoneos;
				TARGETED_DEVICE_FAMILY = "1,2";
				VALIDATE_PRODUCT = YES;
			};
			name = Release;
		};
		E5BBAEF81B83DD6E0085263F /* Debug */ = {
			isa = XCBuildConfiguration;
			buildSettings = {
				ASSETCATALOG_COMPILER_APPICON_NAME = AppIcon;
				INFOPLIST_FILE = RGPages/Info.plist;
				LD_RUNPATH_SEARCH_PATHS = "$(inherited) @executable_path/Frameworks";
				PRODUCT_NAME = "$(TARGET_NAME)";
			};
			name = Debug;
		};
		E5BBAEF91B83DD6E0085263F /* Release */ = {
			isa = XCBuildConfiguration;
			buildSettings = {
				ASSETCATALOG_COMPILER_APPICON_NAME = AppIcon;
				INFOPLIST_FILE = RGPages/Info.plist;
				LD_RUNPATH_SEARCH_PATHS = "$(inherited) @executable_path/Frameworks";
				PRODUCT_NAME = "$(TARGET_NAME)";
			};
			name = Release;
		};
		E5BBAEFB1B83DD6E0085263F /* Debug */ = {
			isa = XCBuildConfiguration;
			buildSettings = {
				BUNDLE_LOADER = "$(TEST_HOST)";
				FRAMEWORK_SEARCH_PATHS = (
					"$(SDKROOT)/Developer/Library/Frameworks",
					"$(inherited)",
				);
				GCC_PREPROCESSOR_DEFINITIONS = (
					"DEBUG=1",
					"$(inherited)",
				);
				INFOPLIST_FILE = RGPagesTests/Info.plist;
				LD_RUNPATH_SEARCH_PATHS = "$(inherited) @executable_path/Frameworks @loader_path/Frameworks";
				PRODUCT_NAME = "$(TARGET_NAME)";
				TEST_HOST = "$(BUILT_PRODUCTS_DIR)/RGPages.app/RGPages";
			};
			name = Debug;
		};
		E5BBAEFC1B83DD6E0085263F /* Release */ = {
			isa = XCBuildConfiguration;
			buildSettings = {
				BUNDLE_LOADER = "$(TEST_HOST)";
				FRAMEWORK_SEARCH_PATHS = (
					"$(SDKROOT)/Developer/Library/Frameworks",
					"$(inherited)",
				);
				INFOPLIST_FILE = RGPagesTests/Info.plist;
				LD_RUNPATH_SEARCH_PATHS = "$(inherited) @executable_path/Frameworks @loader_path/Frameworks";
				PRODUCT_NAME = "$(TARGET_NAME)";
				TEST_HOST = "$(BUILT_PRODUCTS_DIR)/RGPages.app/RGPages";
			};
			name = Release;
		};
/* End XCBuildConfiguration section */

/* Begin XCConfigurationList section */
		E5BBAEC91B83DD6D0085263F /* Build configuration list for PBXProject "RGPages" */ = {
			isa = XCConfigurationList;
			buildConfigurations = (
				E5BBAEF51B83DD6E0085263F /* Debug */,
				E5BBAEF61B83DD6E0085263F /* Release */,
			);
			defaultConfigurationIsVisible = 0;
			defaultConfigurationName = Release;
		};
		E5BBAEF71B83DD6E0085263F /* Build configuration list for PBXNativeTarget "RGPages" */ = {
			isa = XCConfigurationList;
			buildConfigurations = (
				E5BBAEF81B83DD6E0085263F /* Debug */,
				E5BBAEF91B83DD6E0085263F /* Release */,
			);
			defaultConfigurationIsVisible = 0;
		};
		E5BBAEFA1B83DD6E0085263F /* Build configuration list for PBXNativeTarget "RGPagesTests" */ = {
			isa = XCConfigurationList;
			buildConfigurations = (
				E5BBAEFB1B83DD6E0085263F /* Debug */,
				E5BBAEFC1B83DD6E0085263F /* Release */,
			);
			defaultConfigurationIsVisible = 0;
		};
/* End XCConfigurationList section */
	};
	rootObject = E5BBAEC61B83DD6D0085263F /* Project object */;
}
